
Microsoft Visual Studio Solution File, Format Version 12.00
# Visual Studio Version 17
VisualStudioVersion = 17.14.36127.28 d17.14
MinimumVisualStudioVersion = 10.0.40219.1
Project("{FAE04EC0-301F-11D3-BF4B-00C04F79EFBC}") = "Hedgehogs", "Hedgehogs\Hedgehogs.csproj", "{5E6C6A5C-EB2C-452A-855A-064B8BA46BA6}"
EndProject
Global
	GlobalSection(SolutionConfigurationPlatforms) = preSolution
		Debug|Any CPU = Debug|Any CPU
		Release|Any CPU = Release|Any CPU
	EndGlobalSection
	GlobalSection(ProjectConfigurationPlatforms) = postSolution
		{5E6C6A5C-EB2C-452A-855A-064B8BA46BA6}.Debug|Any CPU.ActiveCfg = Debug|Any CPU
		{5E6C6A5C-EB2C-452A-855A-064B8BA46BA6}.Debug|Any CPU.Build.0 = Debug|Any CPU
		{5E6C6A5C-EB2C-452A-855A-064B8BA46BA6}.Release|Any CPU.ActiveCfg = Release|Any CPU
		{5E6C6A5C-EB2C-452A-855A-064B8BA46BA6}.Release|Any CPU.Build.0 = Release|Any CPU
	EndGlobalSection
	GlobalSection(SolutionProperties) = preSolution
		HideSolutionNode = FALSE
	EndGlobalSection
	GlobalSection(ExtensibilityGlobals) = postSolution
		SolutionGuid = {CC09AB23-401C-41BF-8B3D-32F3926345DF}
	EndGlobalSection
EndGlobal
